{
  "R": {
    "Version": "4.2.2",
    "Repositories": [
      {
        "Name": "carpentries",
        "URL": "https://carpentries.r-universe.dev"
      },
      {
        "Name": "carpentries_archive",
        "URL": "https://carpentries.github.io/drat"
      },
      {
        "Name": "CRAN",
        "URL": "https://cran.rstudio.com"
      }
    ]
  },
  "Packages": {
    "renv": {
      "Package": "renv",
      "Version": "1.0.0",
      "Source": "Repository",
      "Repository": "CRAN",
      "Requirements": [
        "utils"
      ],
      "Hash": "c321cd99d56443dbffd1c9e673c0c1a2"
    }
  }
}
